
Microsoft Visual Studio Solution File, Format Version 12.00
# Visual Studio Version 19
VisualStudioVersion = 16.0.28922.388
MinimumVisualStudioVersion = 10.0.40219.1
Project("{8BC9CEB8-8B4A-11D0-8D11-00A0C91BC942}") = "Activator", "Activator\Activator.vcxproj", "{D7750416-0A2E-425D-9867-A6658FDBA6C1}"
EndProject
Global
	GlobalSection(SolutionConfigurationPlatforms) = preSolution
		Debug|x64 = Debug|x64
		Debug|x86 = Debug|x86
		Release|x64 = Release|x64
		Release|x86 = Release|x86
	EndGlobalSection
	GlobalSection(ProjectConfigurationPlatforms) = postSolution
		{D7750416-0A2E-425D-9867-A6658FDBA6C1}.Debug|x64.ActiveCfg = Debug|x64
		{D7750416-0A2E-425D-9867-A6658FDBA6C1}.Debug|x64.Build.0 = Debug|x64
		{D7750416-0A2E-425D-9867-A6658FDBA6C1}.Debug|x86.ActiveCfg = Debug|Win32
		{D7750416-0A2E-425D-9867-A6658FDBA6C1}.Debug|x86.Build.0 = Debug|Win32
		{D7750416-0A2E-425D-9867-A6658FDBA6C1}.Release|x64.ActiveCfg = Release|x64
		{D7750416-0A2E-425D-9867-A6658FDBA6C1}.Release|x64.Build.0 = Release|x64
		{D7750416-0A2E-425D-9867-A6658FDBA6C1}.Release|x86.ActiveCfg = Release|Win32
		{D7750416-0A2E-425D-9867-A6658FDBA6C1}.Release|x86.Build.0 = Release|Win32
	EndGlobalSection
	GlobalSection(SolutionProperties) = preSolution
		HideSolutionNode = FALSE
	EndGlobalSection
	GlobalSection(ExtensibilityGlobals) = postSolution
		SolutionGuid = {A46084A0-B686-43C2-98B9-91A70D87236C}
	EndGlobalSection
EndGlobal
